// !$*UTF8*$!
{
	archiveVersion = 1;
	classes = {
	};
	objectVersion = 50;
	objects = {

/* Begin PBXBuildFile section */
		309413512647203800B54A1D /* gitApp.swift in Sources */ = {isa = PBXBuildFile; fileRef = 309413502647203800B54A1D /* gitApp.swift */; };
		309413532647203800B54A1D /* gitDocument.swift in Sources */ = {isa = PBXBuildFile; fileRef = 309413522647203800B54A1D /* gitDocument.swift */; };
		309413552647203800B54A1D /* ContentView.swift in Sources */ = {isa = PBXBuildFile; fileRef = 309413542647203800B54A1D /* ContentView.swift */; };
		309413572647203900B54A1D /* Assets.xcassets in Resources */ = {isa = PBXBuildFile; fileRef = 309413562647203900B54A1D /* Assets.xcassets */; };
		3094135A2647203900B54A1D /* Preview Assets.xcassets in Resources */ = {isa = PBXBuildFile; fileRef = 309413592647203900B54A1D /* Preview Assets.xcassets */; };
		309413662647203900B54A1D /* gitTests.swift in Sources */ = {isa = PBXBuildFile; fileRef = 309413652647203900B54A1D /* gitTests.swift */; };
		309413712647203900B54A1D /* gitUITests.swift in Sources */ = {isa = PBXBuildFile; fileRef = 309413702647203900B54A1D /* gitUITests.swift */; };
/* End PBXBuildFile section */

/* Begin PBXContainerItemProxy section */
		309413622647203900B54A1D /* PBXContainerItemProxy */ = {
			isa = PBXContainerItemProxy;
			containerPortal = 309413452647203800B54A1D /* Project object */;
			proxyType = 1;
			remoteGlobalIDString = 3094134C2647203800B54A1D;
			remoteInfo = git;
		};
		3094136D2647203900B54A1D /* PBXContainerItemProxy */ = {
			isa = PBXContainerItemProxy;
			containerPortal = 309413452647203800B54A1D /* Project object */;
			proxyType = 1;
			remoteGlobalIDString = 3094134C2647203800B54A1D;
			remoteInfo = git;
		};
/* End PBXContainerItemProxy section */

/* Begin PBXFileReference section */
		3094134D2647203800B54A1D /* git.app */ = {isa = PBXFileReference; explicitFileType = wrapper.application; includeInIndex = 0; path = git.app; sourceTree = BUILT_PRODUCTS_DIR; };
		309413502647203800B54A1D /* gitApp.swift */ = {isa = PBXFileReference; lastKnownFileType = sourcecode.swift; path = gitApp.swift; sourceTree = "<group>"; };
		309413522647203800B54A1D /* gitDocument.swift */ = {isa = PBXFileReference; lastKnownFileType = sourcecode.swift; path = gitDocument.swift; sourceTree = "<group>"; };
		309413542647203800B54A1D /* ContentView.swift */ = {isa = PBXFileReference; lastKnownFileType = sourcecode.swift; path = ContentView.swift; sourceTree = "<group>"; };
		309413562647203900B54A1D /* Assets.xcassets */ = {isa = PBXFileReference; lastKnownFileType = folder.assetcatalog; path = Assets.xcassets; sourceTree = "<group>"; };
		309413592647203900B54A1D /* Preview Assets.xcassets */ = {isa = PBXFileReference; lastKnownFileType = folder.assetcatalog; path = "Preview Assets.xcassets"; sourceTree = "<group>"; };
		3094135B2647203900B54A1D /* Info.plist */ = {isa = PBXFileReference; lastKnownFileType = text.plist.xml; path = Info.plist; sourceTree = "<group>"; };
		3094135C2647203900B54A1D /* git.entitlements */ = {isa = PBXFileReference; lastKnownFileType = text.plist.entitlements; path = git.entitlements; sourceTree = "<group>"; };
		309413612647203900B54A1D /* gitTests.xctest */ = {isa = PBXFileReference; explicitFileType = wrapper.cfbundle; includeInIndex = 0; path = gitTests.xctest; sourceTree = BUILT_PRODUCTS_DIR; };
		309413652647203900B54A1D /* gitTests.swift */ = {isa = PBXFileReference; lastKnownFileType = sourcecode.swift; path = gitTests.swift; sourceTree = "<group>"; };
		309413672647203900B54A1D /* Info.plist */ = {isa = PBXFileReference; lastKnownFileType = text.plist.xml; path = Info.plist; sourceTree = "<group>"; };
		3094136C2647203900B54A1D /* gitUITests.xctest */ = {isa = PBXFileReference; explicitFileType = wrapper.cfbundle; includeInIndex = 0; path = gitUITests.xctest; sourceTree = BUILT_PRODUCTS_DIR; };
		309413702647203900B54A1D /* gitUITests.swift */ = {isa = PBXFileReference; lastKnownFileType = sourcecode.swift; path = gitUITests.swift; sourceTree = "<group>"; };
		309413722647203900B54A1D /* Info.plist */ = {isa = PBXFileReference; lastKnownFileType = text.plist.xml; path = Info.plist; sourceTree = "<group>"; };
/* End PBXFileReference section */

/* Begin PBXFrameworksBuildPhase section */
		3094134A2647203800B54A1D /* Frameworks */ = {
			isa = PBXFrameworksBuildPhase;
			buildActionMask = 2147483647;
			files = (
			);
			runOnlyForDeploymentPostprocessing = 0;
		};
		3094135E2647203900B54A1D /* Frameworks */ = {
			isa = PBXFrameworksBuildPhase;
			buildActionMask = 2147483647;
			files = (
			);
			runOnlyForDeploymentPostprocessing = 0;
		};
		309413692647203900B54A1D /* Frameworks */ = {
			isa = PBXFrameworksBuildPhase;
			buildActionMask = 2147483647;
			files = (
			);
			runOnlyForDeploymentPostprocessing = 0;
		};
/* End PBXFrameworksBuildPhase section */

/* Begin PBXGroup section */
		309413442647203800B54A1D = {
			isa = PBXGroup;
			children = (
				3094134F2647203800B54A1D /* git */,
				309413642647203900B54A1D /* gitTests */,
				3094136F2647203900B54A1D /* gitUITests */,
				3094134E2647203800B54A1D /* Products */,
			);
			sourceTree = "<group>";
		};
		3094134E2647203800B54A1D /* Products */ = {
			isa = PBXGroup;
			children = (
				3094134D2647203800B54A1D /* git.app */,
				309413612647203900B54A1D /* gitTests.xctest */,
				3094136C2647203900B54A1D /* gitUITests.xctest */,
			);
			name = Products;
			sourceTree = "<group>";
		};
		3094134F2647203800B54A1D /* git */ = {
			isa = PBXGroup;
			children = (
				309413502647203800B54A1D /* gitApp.swift */,
				309413522647203800B54A1D /* gitDocument.swift */,
				309413542647203800B54A1D /* ContentView.swift */,
				309413562647203900B54A1D /* Assets.xcassets */,
				3094135B2647203900B54A1D /* Info.plist */,
				3094135C2647203900B54A1D /* git.entitlements */,
				309413582647203900B54A1D /* Preview Content */,
			);
			path = git;
			sourceTree = "<group>";
		};
		309413582647203900B54A1D /* Preview Content */ = {
			isa = PBXGroup;
			children = (
				309413592647203900B54A1D /* Preview Assets.xcassets */,
			);
			path = "Preview Content";
			sourceTree = "<group>";
		};
		309413642647203900B54A1D /* gitTests */ = {
			isa = PBXGroup;
			children = (
				309413652647203900B54A1D /* gitTests.swift */,
				309413672647203900B54A1D /* Info.plist */,
			);
			path = gitTests;
			sourceTree = "<group>";
		};
		3094136F2647203900B54A1D /* gitUITests */ = {
			isa = PBXGroup;
			children = (
				309413702647203900B54A1D /* gitUITests.swift */,
				309413722647203900B54A1D /* Info.plist */,
			);
			path = gitUITests;
			sourceTree = "<group>";
		};
/* End PBXGroup section */

/* Begin PBXNativeTarget section */
		3094134C2647203800B54A1D /* git */ = {
			isa = PBXNativeTarget;
			buildConfigurationList = 309413752647203900B54A1D /* Build configuration list for PBXNativeTarget "git" */;
			buildPhases = (
				309413492647203800B54A1D /* Sources */,
				3094134A2647203800B54A1D /* Frameworks */,
				3094134B2647203800B54A1D /* Resources */,
			);
			buildRules = (
			);
			dependencies = (
			);
			name = git;
			productName = git;
			productReference = 3094134D2647203800B54A1D /* git.app */;
			productType = "com.apple.product-type.application";
		};
		309413602647203900B54A1D /* gitTests */ = {
			isa = PBXNativeTarget;
			buildConfigurationList = 309413782647203900B54A1D /* Build configuration list for PBXNativeTarget "gitTests" */;
			buildPhases = (
				3094135D2647203900B54A1D /* Sources */,
				3094135E2647203900B54A1D /* Frameworks */,
				3094135F2647203900B54A1D /* Resources */,
			);
			buildRules = (
			);
			dependencies = (
				309413632647203900B54A1D /* PBXTargetDependency */,
			);
			name = gitTests;
			productName = gitTests;
			productReference = 309413612647203900B54A1D /* gitTests.xctest */;
			productType = "com.apple.product-type.bundle.unit-test";
		};
		3094136B2647203900B54A1D /* gitUITests */ = {
			isa = PBXNativeTarget;
			buildConfigurationList = 3094137B2647203900B54A1D /* Build configuration list for PBXNativeTarget "gitUITests" */;
			buildPhases = (
				309413682647203900B54A1D /* Sources */,
				309413692647203900B54A1D /* Frameworks */,
				3094136A2647203900B54A1D /* Resources */,
			);
			buildRules = (
			);
			dependencies = (
				3094136E2647203900B54A1D /* PBXTargetDependency */,
			);
			name = gitUITests;
			productName = gitUITests;
			productReference = 3094136C2647203900B54A1D /* gitUITests.xctest */;
			productType = "com.apple.product-type.bundle.ui-testing";
		};
/* End PBXNativeTarget section */

/* Begin PBXProject section */
		309413452647203800B54A1D /* Project object */ = {
			isa = PBXProject;
			attributes = {
				LastSwiftUpdateCheck = 1250;
				LastUpgradeCheck = 1250;
				TargetAttributes = {
					3094134C2647203800B54A1D = {
						CreatedOnToolsVersion = 12.5;
					};
					309413602647203900B54A1D = {
						CreatedOnToolsVersion = 12.5;
						TestTargetID = 3094134C2647203800B54A1D;
					};
					3094136B2647203900B54A1D = {
						CreatedOnToolsVersion = 12.5;
						TestTargetID = 3094134C2647203800B54A1D;
					};
				};
			};
			buildConfigurationList = 309413482647203800B54A1D /* Build configuration list for PBXProject "git" */;
			compatibilityVersion = "Xcode 9.3";
			developmentRegion = en;
			hasScannedForEncodings = 0;
			knownRegions = (
				en,
				Base,
			);
			mainGroup = 309413442647203800B54A1D;
			productRefGroup = 3094134E2647203800B54A1D /* Products */;
			projectDirPath = "";
			projectRoot = "";
			targets = (
				3094134C2647203800B54A1D /* git */,
				309413602647203900B54A1D /* gitTests */,
				3094136B2647203900B54A1D /* gitUITests */,
			);
		};
/* End PBXProject section */

/* Begin PBXResourcesBuildPhase section */
		3094134B2647203800B54A1D /* Resources */ = {
			isa = PBXResourcesBuildPhase;
			buildActionMask = 2147483647;
			files = (
				3094135A2647203900B54A1D /* Preview Assets.xcassets in Resources */,
				309413572647203900B54A1D /* Assets.xcassets in Resources */,
			);
			runOnlyForDeploymentPostprocessing = 0;
		};
		3094135F2647203900B54A1D /* Resources */ = {
			isa = PBXResourcesBuildPhase;
			buildActionMask = 2147483647;
			files = (
			);
			runOnlyForDeploymentPostprocessing = 0;
		};
		3094136A2647203900B54A1D /* Resources */ = {
			isa = PBXResourcesBuildPhase;
			buildActionMask = 2147483647;
			files = (
			);
			runOnlyForDeploymentPostprocessing = 0;
		};
/* End PBXResourcesBuildPhase section */

/* Begin PBXSourcesBuildPhase section */
		309413492647203800B54A1D /* Sources */ = {
			isa = PBXSourcesBuildPhase;
			buildActionMask = 2147483647;
			files = (
				309413512647203800B54A1D /* gitApp.swift in Sources */,
				309413532647203800B54A1D /* gitDocument.swift in Sources */,
				309413552647203800B54A1D /* ContentView.swift in Sources */,
			);
			runOnlyForDeploymentPostprocessing = 0;
		};
		3094135D2647203900B54A1D /* Sources */ = {
			isa = PBXSourcesBuildPhase;
			buildActionMask = 2147483647;
			files = (
				309413662647203900B54A1D /* gitTests.swift in Sources */,
			);
			runOnlyForDeploymentPostprocessing = 0;
		};
		309413682647203900B54A1D /* Sources */ = {
			isa = PBXSourcesBuildPhase;
			buildActionMask = 2147483647;
			files = (
				309413712647203900B54A1D /* gitUITests.swift in Sources */,
			);
			runOnlyForDeploymentPostprocessing = 0;
		};
/* End PBXSourcesBuildPhase section */

/* Begin PBXTargetDependency section */
		309413632647203900B54A1D /* PBXTargetDependency */ = {
			isa = PBXTargetDependency;
			target = 3094134C2647203800B54A1D /* git */;
			targetProxy = 309413622647203900B54A1D /* PBXContainerItemProxy */;
		};
		3094136E2647203900B54A1D /* PBXTargetDependency */ = {
			isa = PBXTargetDependency;
			target = 3094134C2647203800B54A1D /* git */;
			targetProxy = 3094136D2647203900B54A1D /* PBXContainerItemProxy */;
		};
/* End PBXTargetDependency section */

/* Begin XCBuildConfiguration section */
		309413732647203900B54A1D /* Debug */ = {
			isa = XCBuildConfiguration;
			buildSettings = {
				ALWAYS_SEARCH_USER_PATHS = NO;
				CLANG_ANALYZER_NONNULL = YES;
				CLANG_ANALYZER_NUMBER_OBJECT_CONVERSION = YES_AGGRESSIVE;
				CLANG_CXX_LANGUAGE_STANDARD = "gnu++14";
				CLANG_CXX_LIBRARY = "libc++";
				CLANG_ENABLE_MODULES = YES;
				CLANG_ENABLE_OBJC_ARC = YES;
				CLANG_ENABLE_OBJC_WEAK = YES;
				CLANG_WARN_BLOCK_CAPTURE_AUTORELEASING = YES;
				CLANG_WARN_BOOL_CONVERSION = YES;
				CLANG_WARN_COMMA = YES;
				CLANG_WARN_CONSTANT_CONVERSION = YES;
				CLANG_WARN_DEPRECATED_OBJC_IMPLEMENTATIONS = YES;
				CLANG_WARN_DIRECT_OBJC_ISA_USAGE = YES_ERROR;
				CLANG_WARN_DOCUMENTATION_COMMENTS = YES;
				CLANG_WARN_EMPTY_BODY = YES;
				CLANG_WARN_ENUM_CONVERSION = YES;
				CLANG_WARN_INFINITE_RECURSION = YES;
				CLANG_WARN_INT_CONVERSION = YES;
				CLANG_WARN_NON_LITERAL_NULL_CONVERSION = YES;
				CLANG_WARN_OBJC_IMPLICIT_RETAIN_SELF = YES;
				CLANG_WARN_OBJC_LITERAL_CONVERSION = YES;
				CLANG_WARN_OBJC_ROOT_CLASS = YES_ERROR;
				CLANG_WARN_QUOTED_INCLUDE_IN_FRAMEWORK_HEADER = YES;
				CLANG_WARN_RANGE_LOOP_ANALYSIS = YES;
				CLANG_WARN_STRICT_PROTOTYPES = YES;
				CLANG_WARN_SUSPICIOUS_MOVE = YES;
				CLANG_WARN_UNGUARDED_AVAILABILITY = YES_AGGRESSIVE;
				CLANG_WARN_UNREACHABLE_CODE = YES;
				CLANG_WARN__DUPLICATE_METHOD_MATCH = YES;
				COPY_PHASE_STRIP = NO;
				DEBUG_INFORMATION_FORMAT = dwarf;
				ENABLE_STRICT_OBJC_MSGSEND = YES;
				ENABLE_TESTABILITY = YES;
				GCC_C_LANGUAGE_STANDARD = gnu11;
				GCC_DYNAMIC_NO_PIC = NO;
				GCC_NO_COMMON_BLOCKS = YES;
				GCC_OPTIMIZATION_LEVEL = 0;
				GCC_PREPROCESSOR_DEFINITIONS = (
					"DEBUG=1",
					"$(inherited)",
				);
				GCC_WARN_64_TO_32_BIT_CONVERSION = YES;
				GCC_WARN_ABOUT_RETURN_TYPE = YES_ERROR;
				GCC_WARN_UNDECLARED_SELECTOR = YES;
				GCC_WARN_UNINITIALIZED_AUTOS = YES_AGGRESSIVE;
				GCC_WARN_UNUSED_FUNCTION = YES;
				GCC_WARN_UNUSED_VARIABLE = YES;
				MACOSX_DEPLOYMENT_TARGET = 11.3;
				MTL_ENABLE_DEBUG_INFO = INCLUDE_SOURCE;
				MTL_FAST_MATH = YES;
				ONLY_ACTIVE_ARCH = YES;
				SDKROOT = macosx;
				SWIFT_ACTIVE_COMPILATION_CONDITIONS = DEBUG;
				SWIFT_OPTIMIZATION_LEVEL = "-Onone";
			};
			name = Debug;
		};
		309413742647203900B54A1D /* Release */ = {
			isa = XCBuildConfiguration;
			buildSettings = {
				ALWAYS_SEARCH_USER_PATHS = NO;
				CLANG_ANALYZER_NONNULL = YES;
				CLANG_ANALYZER_NUMBER_OBJECT_CONVERSION = YES_AGGRESSIVE;
				CLANG_CXX_LANGUAGE_STANDARD = "gnu++14";
				CLANG_CXX_LIBRARY = "libc++";
				CLANG_ENABLE_MODULES = YES;
				CLANG_ENABLE_OBJC_ARC = YES;
				CLANG_ENABLE_OBJC_WEAK = YES;
				CLANG_WARN_BLOCK_CAPTURE_AUTORELEASING = YES;
				CLANG_WARN_BOOL_CONVERSION = YES;
				CLANG_WARN_COMMA = YES;
				CLANG_WARN_CONSTANT_CONVERSION = YES;
				CLANG_WARN_DEPRECATED_OBJC_IMPLEMENTATIONS = YES;
				CLANG_WARN_DIRECT_OBJC_ISA_USAGE = YES_ERROR;
				CLANG_WARN_DOCUMENTATION_COMMENTS = YES;
				CLANG_WARN_EMPTY_BODY = YES;
				CLANG_WARN_ENUM_CONVERSION = YES;
				CLANG_WARN_INFINITE_RECURSION = YES;
				CLANG_WARN_INT_CONVERSION = YES;
				CLANG_WARN_NON_LITERAL_NULL_CONVERSION = YES;
				CLANG_WARN_OBJC_IMPLICIT_RETAIN_SELF = YES;
				CLANG_WARN_OBJC_LITERAL_CONVERSION = YES;
				CLANG_WARN_OBJC_ROOT_CLASS = YES_ERROR;
				CLANG_WARN_QUOTED_INCLUDE_IN_FRAMEWORK_HEADER = YES;
				CLANG_WARN_RANGE_LOOP_ANALYSIS = YES;
				CLANG_WARN_STRICT_PROTOTYPES = YES;
				CLANG_WARN_SUSPICIOUS_MOVE = YES;
				CLANG_WARN_UNGUARDED_AVAILABILITY = YES_AGGRESSIVE;
				CLANG_WARN_UNREACHABLE_CODE = YES;
				CLANG_WARN__DUPLICATE_METHOD_MATCH = YES;
				COPY_PHASE_STRIP = NO;
				DEBUG_INFORMATION_FORMAT = "dwarf-with-dsym";
				ENABLE_NS_ASSERTIONS = NO;
				ENABLE_STRICT_OBJC_MSGSEND = YES;
				GCC_C_LANGUAGE_STANDARD = gnu11;
				GCC_NO_COMMON_BLOCKS = YES;
				GCC_WARN_64_TO_32_BIT_CONVERSION = YES;
				GCC_WARN_ABOUT_RETURN_TYPE = YES_ERROR;
				GCC_WARN_UNDECLARED_SELECTOR = YES;
				GCC_WARN_UNINITIALIZED_AUTOS = YES_AGGRESSIVE;
				GCC_WARN_UNUSED_FUNCTION = YES;
				GCC_WARN_UNUSED_VARIABLE = YES;
				MACOSX_DEPLOYMENT_TARGET = 11.3;
				MTL_ENABLE_DEBUG_INFO = NO;
				MTL_FAST_MATH = YES;
				SDKROOT = macosx;
				SWIFT_COMPILATION_MODE = wholemodule;
				SWIFT_OPTIMIZATION_LEVEL = "-O";
			};
			name = Release;
		};
		309413762647203900B54A1D /* Debug */ = {
			isa = XCBuildConfiguration;
			buildSettings = {
				ASSETCATALOG_COMPILER_APPICON_NAME = AppIcon;
				ASSETCATALOG_COMPILER_GLOBAL_ACCENT_COLOR_NAME = AccentColor;
				CODE_SIGN_ENTITLEMENTS = git/git.entitlements;
				CODE_SIGN_STYLE = Automatic;
				COMBINE_HIDPI_IMAGES = YES;
				DEVELOPMENT_ASSET_PATHS = "\"git/Preview Content\"";
				ENABLE_PREVIEWS = YES;
				INFOPLIST_FILE = git/Info.plist;
				LD_RUNPATH_SEARCH_PATHS = (
					"$(inherited)",
					"@executable_path/../Frameworks",
				);
				MACOSX_DEPLOYMENT_TARGET = 11.0;
				PRODUCT_BUNDLE_IDENTIFIER = jjj.git;
				PRODUCT_NAME = "$(TARGET_NAME)";
				SWIFT_VERSION = 5.0;
			};
			name = Debug;
		};
		309413772647203900B54A1D /* Release */ = {
			isa = XCBuildConfiguration;
			buildSettings = {
				ASSETCATALOG_COMPILER_APPICON_NAME = AppIcon;
				ASSETCATALOG_COMPILER_GLOBAL_ACCENT_COLOR_NAME = AccentColor;
				CODE_SIGN_ENTITLEMENTS = git/git.entitlements;
				CODE_SIGN_STYLE = Automatic;
				COMBINE_HIDPI_IMAGES = YES;
				DEVELOPMENT_ASSET_PATHS = "\"git/Preview Content\"";
				ENABLE_PREVIEWS = YES;
				INFOPLIST_FILE = git/Info.plist;
				LD_RUNPATH_SEARCH_PATHS = (
					"$(inherited)",
					"@executable_path/../Frameworks",
				);
				MACOSX_DEPLOYMENT_TARGET = 11.0;
				PRODUCT_BUNDLE_IDENTIFIER = jjj.git;
				PRODUCT_NAME = "$(TARGET_NAME)";
				SWIFT_VERSION = 5.0;
			};
			name = Release;
		};
		309413792647203900B54A1D /* Debug */ = {
			isa = XCBuildConfiguration;
			buildSettings = {
				ALWAYS_EMBED_SWIFT_STANDARD_LIBRARIES = YES;
				BUNDLE_LOADER = "$(TEST_HOST)";
				CODE_SIGN_STYLE = Automatic;
				COMBINE_HIDPI_IMAGES = YES;
				INFOPLIST_FILE = gitTests/Info.plist;
				LD_RUNPATH_SEARCH_PATHS = (
					"$(inherited)",
					"@executable_path/../Frameworks",
					"@loader_path/../Frameworks",
				);
				MACOSX_DEPLOYMENT_TARGET = 11.0;
				PRODUCT_BUNDLE_IDENTIFIER = jjj.gitTests;
				PRODUCT_NAME = "$(TARGET_NAME)";
				SWIFT_VERSION = 5.0;
				TEST_HOST = "$(BUILT_PRODUCTS_DIR)/git.app/Contents/MacOS/git";
			};
			name = Debug;
		};
		3094137A2647203900B54A1D /* Release */ = {
			isa = XCBuildConfiguration;
			buildSettings = {
				ALWAYS_EMBED_SWIFT_STANDARD_LIBRARIES = YES;
				BUNDLE_LOADER = "$(TEST_HOST)";
				CODE_SIGN_STYLE = Automatic;
				COMBINE_HIDPI_IMAGES = YES;
				INFOPLIST_FILE = gitTests/Info.plist;
				LD_RUNPATH_SEARCH_PATHS = (
					"$(inherited)",
					"@executable_path/../Frameworks",
					"@loader_path/../Frameworks",
				);
				MACOSX_DEPLOYMENT_TARGET = 11.0;
				PRODUCT_BUNDLE_IDENTIFIER = jjj.gitTests;
				PRODUCT_NAME = "$(TARGET_NAME)";
				SWIFT_VERSION = 5.0;
				TEST_HOST = "$(BUILT_PRODUCTS_DIR)/git.app/Contents/MacOS/git";
			};
			name = Release;
		};
		3094137C2647203900B54A1D /* Debug */ = {
			isa = XCBuildConfiguration;
			buildSettings = {
				ALWAYS_EMBED_SWIFT_STANDARD_LIBRARIES = YES;
				CODE_SIGN_STYLE = Automatic;
				COMBINE_HIDPI_IMAGES = YES;
				INFOPLIST_FILE = gitUITests/Info.plist;
				LD_RUNPATH_SEARCH_PATHS = (
					"$(inherited)",
					"@executable_path/../Frameworks",
					"@loader_path/../Frameworks",
				);
				PRODUCT_BUNDLE_IDENTIFIER = jjj.gitUITests;
				PRODUCT_NAME = "$(TARGET_NAME)";
				SWIFT_VERSION = 5.0;
				TEST_TARGET_NAME = git;
			};
			name = Debug;
		};
		3094137D2647203900B54A1D /* Release */ = {
			isa = XCBuildConfiguration;
			buildSettings = {
				ALWAYS_EMBED_SWIFT_STANDARD_LIBRARIES = YES;
				CODE_SIGN_STYLE = Automatic;
				COMBINE_HIDPI_IMAGES = YES;
				INFOPLIST_FILE = gitUITests/Info.plist;
				LD_RUNPATH_SEARCH_PATHS = (
					"$(inherited)",
					"@executable_path/../Frameworks",
					"@loader_path/../Frameworks",
				);
				PRODUCT_BUNDLE_IDENTIFIER = jjj.gitUITests;
				PRODUCT_NAME = "$(TARGET_NAME)";
				SWIFT_VERSION = 5.0;
				TEST_TARGET_NAME = git;
			};
			name = Release;
		};
/* End XCBuildConfiguration section */

/* Begin XCConfigurationList section */
		309413482647203800B54A1D /* Build configuration list for PBXProject "git" */ = {
			isa = XCConfigurationList;
			buildConfigurations = (
				309413732647203900B54A1D /* Debug */,
				309413742647203900B54A1D /* Release */,
			);
			defaultConfigurationIsVisible = 0;
			defaultConfigurationName = Release;
		};
		309413752647203900B54A1D /* Build configuration list for PBXNativeTarget "git" */ = {
			isa = XCConfigurationList;
			buildConfigurations = (
				309413762647203900B54A1D /* Debug */,
				309413772647203900B54A1D /* Release */,
			);
			defaultConfigurationIsVisible = 0;
			defaultConfigurationName = Release;
		};
		309413782647203900B54A1D /* Build configuration list for PBXNativeTarget "gitTests" */ = {
			isa = XCConfigurationList;
			buildConfigurations = (
				309413792647203900B54A1D /* Debug */,
				3094137A2647203900B54A1D /* Release */,
			);
			defaultConfigurationIsVisible = 0;
			defaultConfigurationName = Release;
		};
		3094137B2647203900B54A1D /* Build configuration list for PBXNativeTarget "gitUITests" */ = {
			isa = XCConfigurationList;
			buildConfigurations = (
				3094137C2647203900B54A1D /* Debug */,
				3094137D2647203900B54A1D /* Release */,
			);
			defaultConfigurationIsVisible = 0;
			defaultConfigurationName = Release;
		};
/* End XCConfigurationList section */
	};
	rootObject = 309413452647203800B54A1D /* Project object */;
}
